
Microsoft Visual Studio Solution File, Format Version 12.00
# Visual Studio 15
VisualStudioVersion = 15.0.28307.421
MinimumVisualStudioVersion = 10.0.40219.1
Project("{FAE04EC0-301F-11D3-BF4B-00C04F79EFBC}") = "Home work 6", "Home work 6\Home work 6.csproj", "{4EFE9AAB-8D89-499D-9A12-5C48BAC523E2}"
EndProject
Global
	GlobalSection(SolutionConfigurationPlatforms) = preSolution
		Debug|Any CPU = Debug|Any CPU
		Release|Any CPU = Release|Any CPU
	EndGlobalSection
	GlobalSection(ProjectConfigurationPlatforms) = postSolution
		{4EFE9AAB-8D89-499D-9A12-5C48BAC523E2}.Debug|Any CPU.ActiveCfg = Debug|Any CPU
		{4EFE9AAB-8D89-499D-9A12-5C48BAC523E2}.Debug|Any CPU.Build.0 = Debug|Any CPU
		{4EFE9AAB-8D89-499D-9A12-5C48BAC523E2}.Release|Any CPU.ActiveCfg = Release|Any CPU
		{4EFE9AAB-8D89-499D-9A12-5C48BAC523E2}.Release|Any CPU.Build.0 = Release|Any CPU
	EndGlobalSection
	GlobalSection(SolutionProperties) = preSolution
		HideSolutionNode = FALSE
	EndGlobalSection
	GlobalSection(ExtensibilityGlobals) = postSolution
		SolutionGuid = {891A14DB-A110-40EF-A7C3-45102FA78CA0}
	EndGlobalSection
EndGlobal
