
Microsoft Visual Studio Solution File, Format Version 12.00
# Visual Studio 15
VisualStudioVersion = 15.0.28307.421
MinimumVisualStudioVersion = 10.0.40219.1
Project("{FAE04EC0-301F-11D3-BF4B-00C04F79EFBC}") = "ConsoleApp3", "ConsoleApp3\ConsoleApp3.csproj", "{C3CC09A8-72EC-4A25-8B7E-C01C1003557B}"
EndProject
Global
	GlobalSection(SolutionConfigurationPlatforms) = preSolution
		Debug|Any CPU = Debug|Any CPU
		Release|Any CPU = Release|Any CPU
	EndGlobalSection
	GlobalSection(ProjectConfigurationPlatforms) = postSolution
		{C3CC09A8-72EC-4A25-8B7E-C01C1003557B}.Debug|Any CPU.ActiveCfg = Debug|Any CPU
		{C3CC09A8-72EC-4A25-8B7E-C01C1003557B}.Debug|Any CPU.Build.0 = Debug|Any CPU
		{C3CC09A8-72EC-4A25-8B7E-C01C1003557B}.Release|Any CPU.ActiveCfg = Release|Any CPU
		{C3CC09A8-72EC-4A25-8B7E-C01C1003557B}.Release|Any CPU.Build.0 = Release|Any CPU
	EndGlobalSection
	GlobalSection(SolutionProperties) = preSolution
		HideSolutionNode = FALSE
	EndGlobalSection
	GlobalSection(ExtensibilityGlobals) = postSolution
		SolutionGuid = {7AB365A8-5884-4D92-81A7-DDFC54DAFBD6}
	EndGlobalSection
EndGlobal
