
Microsoft Visual Studio Solution File, Format Version 12.00
# Visual Studio 15
VisualStudioVersion = 15.0.28307.421
MinimumVisualStudioVersion = 10.0.40219.1
Project("{FAE04EC0-301F-11D3-BF4B-00C04F79EFBC}") = "HM4", "HM4\HM4.csproj", "{5C8253CC-DF7B-4F1B-9588-EA1D9182834E}"
EndProject
Global
	GlobalSection(SolutionConfigurationPlatforms) = preSolution
		Debug|Any CPU = Debug|Any CPU
		Release|Any CPU = Release|Any CPU
	EndGlobalSection
	GlobalSection(ProjectConfigurationPlatforms) = postSolution
		{5C8253CC-DF7B-4F1B-9588-EA1D9182834E}.Debug|Any CPU.ActiveCfg = Debug|Any CPU
		{5C8253CC-DF7B-4F1B-9588-EA1D9182834E}.Debug|Any CPU.Build.0 = Debug|Any CPU
		{5C8253CC-DF7B-4F1B-9588-EA1D9182834E}.Release|Any CPU.ActiveCfg = Release|Any CPU
		{5C8253CC-DF7B-4F1B-9588-EA1D9182834E}.Release|Any CPU.Build.0 = Release|Any CPU
	EndGlobalSection
	GlobalSection(SolutionProperties) = preSolution
		HideSolutionNode = FALSE
	EndGlobalSection
	GlobalSection(ExtensibilityGlobals) = postSolution
		SolutionGuid = {5A4CAF5A-D089-4DAF-899D-20F0E36A90AF}
	EndGlobalSection
EndGlobal
