
Microsoft Visual Studio Solution File, Format Version 12.00
# Visual Studio 15
VisualStudioVersion = 15.0.28307.421
MinimumVisualStudioVersion = 10.0.40219.1
Project("{FAE04EC0-301F-11D3-BF4B-00C04F79EFBC}") = "Presentation_Task", "Presentation_Task\Presentation_Task.csproj", "{14841140-D27A-4F23-8E3F-B6393DF24D7F}"
EndProject
Global
	GlobalSection(SolutionConfigurationPlatforms) = preSolution
		Debug|Any CPU = Debug|Any CPU
		Release|Any CPU = Release|Any CPU
	EndGlobalSection
	GlobalSection(ProjectConfigurationPlatforms) = postSolution
		{14841140-D27A-4F23-8E3F-B6393DF24D7F}.Debug|Any CPU.ActiveCfg = Debug|Any CPU
		{14841140-D27A-4F23-8E3F-B6393DF24D7F}.Debug|Any CPU.Build.0 = Debug|Any CPU
		{14841140-D27A-4F23-8E3F-B6393DF24D7F}.Release|Any CPU.ActiveCfg = Release|Any CPU
		{14841140-D27A-4F23-8E3F-B6393DF24D7F}.Release|Any CPU.Build.0 = Release|Any CPU
	EndGlobalSection
	GlobalSection(SolutionProperties) = preSolution
		HideSolutionNode = FALSE
	EndGlobalSection
	GlobalSection(ExtensibilityGlobals) = postSolution
		SolutionGuid = {CE5FE677-A2E6-4E8D-8346-35114A9D262F}
	EndGlobalSection
EndGlobal
